
Microsoft Visual Studio Solution File, Format Version 12.00
# Visual Studio Version 16
VisualStudioVersion = 16.0.30804.86
MinimumVisualStudioVersion = 10.0.40219.1
Project("{FAE04EC0-301F-11D3-BF4B-00C04F79EFBC}") = "StockClient", "StockClient\StockClient.csproj", "{FC607E57-73CB-4E5A-A943-481CD0793AE6}"
EndProject
Global
	GlobalSection(SolutionConfigurationPlatforms) = preSolution
		Debug|Any CPU = Debug|Any CPU
		Release|Any CPU = Release|Any CPU
	EndGlobalSection
	GlobalSection(ProjectConfigurationPlatforms) = postSolution
		{FC607E57-73CB-4E5A-A943-481CD0793AE6}.Debug|Any CPU.ActiveCfg = Debug|Any CPU
		{FC607E57-73CB-4E5A-A943-481CD0793AE6}.Debug|Any CPU.Build.0 = Debug|Any CPU
		{FC607E57-73CB-4E5A-A943-481CD0793AE6}.Release|Any CPU.ActiveCfg = Release|Any CPU
		{FC607E57-73CB-4E5A-A943-481CD0793AE6}.Release|Any CPU.Build.0 = Release|Any CPU
	EndGlobalSection
	GlobalSection(SolutionProperties) = preSolution
		HideSolutionNode = FALSE
	EndGlobalSection
	GlobalSection(ExtensibilityGlobals) = postSolution
		SolutionGuid = {07CAA004-117A-405E-8BFC-5C89F7B6C20B}
	EndGlobalSection
EndGlobal
